
Microsoft Visual Studio Solution File, Format Version 12.00
# Visual Studio Version 16
VisualStudioVersion = 16.0.30711.63
MinimumVisualStudioVersion = 10.0.40219.1
Project("{FAE04EC0-301F-11D3-BF4B-00C04F79EFBC}") = "SOAPCalcService", "SOAPCalcService\SOAPCalcService.csproj", "{6808F751-89D8-4DBE-8B84-2D350F65031A}"
EndProject
Project("{FAE04EC0-301F-11D3-BF4B-00C04F79EFBC}") = "SoapCalcClient", "SoapCalcClient\SoapCalcClient.csproj", "{3573F9FE-D911-48E3-BC06-B6DF301C25C1}"
EndProject
Global
	GlobalSection(SolutionConfigurationPlatforms) = preSolution
		Debug|Any CPU = Debug|Any CPU
		Release|Any CPU = Release|Any CPU
	EndGlobalSection
	GlobalSection(ProjectConfigurationPlatforms) = postSolution
		{6808F751-89D8-4DBE-8B84-2D350F65031A}.Debug|Any CPU.ActiveCfg = Debug|Any CPU
		{6808F751-89D8-4DBE-8B84-2D350F65031A}.Debug|Any CPU.Build.0 = Debug|Any CPU
		{6808F751-89D8-4DBE-8B84-2D350F65031A}.Release|Any CPU.ActiveCfg = Release|Any CPU
		{6808F751-89D8-4DBE-8B84-2D350F65031A}.Release|Any CPU.Build.0 = Release|Any CPU
		{3573F9FE-D911-48E3-BC06-B6DF301C25C1}.Debug|Any CPU.ActiveCfg = Debug|Any CPU
		{3573F9FE-D911-48E3-BC06-B6DF301C25C1}.Debug|Any CPU.Build.0 = Debug|Any CPU
		{3573F9FE-D911-48E3-BC06-B6DF301C25C1}.Release|Any CPU.ActiveCfg = Release|Any CPU
		{3573F9FE-D911-48E3-BC06-B6DF301C25C1}.Release|Any CPU.Build.0 = Release|Any CPU
	EndGlobalSection
	GlobalSection(SolutionProperties) = preSolution
		HideSolutionNode = FALSE
	EndGlobalSection
	GlobalSection(ExtensibilityGlobals) = postSolution
		SolutionGuid = {FB08274D-EC42-4210-B7BD-0909CF018AA1}
	EndGlobalSection
EndGlobal
